Microsoft Visual Studio Solution File, Format Version 12.00
# Visual Studio Version 17
VisualStudioVersion = 17.5.2.0
MinimumVisualStudioVersion = 10.0.40219.1
Project("{FAE04EC0-301F-11D3-BF4B-00C04F79EFBC}") = "todo-asp-dot-net-backend", "todo-asp-dot-net-backend.csproj", "{36EC2D83-D165-9EFD-8B54-E8F25789B381}"
EndProject
Global
	GlobalSection(SolutionConfigurationPlatforms) = preSolution
		Debug|Any CPU = Debug|Any CPU
		Release|Any CPU = Release|Any CPU
	EndGlobalSection
	GlobalSection(ProjectConfigurationPlatforms) = postSolution
		{36EC2D83-D165-9EFD-8B54-E8F25789B381}.Debug|Any CPU.ActiveCfg = Debug|Any CPU
		{36EC2D83-D165-9EFD-8B54-E8F25789B381}.Debug|Any CPU.Build.0 = Debug|Any CPU
		{36EC2D83-D165-9EFD-8B54-E8F25789B381}.Release|Any CPU.ActiveCfg = Release|Any CPU
		{36EC2D83-D165-9EFD-8B54-E8F25789B381}.Release|Any CPU.Build.0 = Release|Any CPU
	EndGlobalSection
	GlobalSection(SolutionProperties) = preSolution
		HideSolutionNode = FALSE
	EndGlobalSection
	GlobalSection(ExtensibilityGlobals) = postSolution
		SolutionGuid = {A3302256-B2B2-450E-A36C-91EF855F1836}
	EndGlobalSection
EndGlobal
